<Solution>
  <Folder Name="/platform/">
    <Project Path="platform/TradeDiary.Authorization/TradeDiary.Authorization.csproj" />
  </Folder>
  <Folder Name="/platform/postgres/migrator/">
    <Project Path="platform/postgres/migrator/TradeDiary.DatabaseMigrator/TradeDiary.DatabaseMigrator.csproj" />
  </Folder>
  <Folder Name="/contracts/">
    <Project Path="contracts/TradeDiary.Events/TradeDiary.Events.csproj" />
  </Folder>
  <Folder Name="/gateway/">
    <Project Path="gateway/TradeDiary.EdgeApi/TradeDiary.EdgeApi.csproj" />
  </Folder>
  <Folder Name="/services/identity-service/src/">
    <Project Path="services/identity-service/src/TradeDiary.Identity/TradeDiary.Identity.csproj" />
  </Folder>
  <Folder Name="/services/journal-service/src/">
    <Project Path="services/journal-service/src/TradeDiary.Journal/TradeDiary.Journal.csproj" />
  </Folder>
  <Folder Name="/services/market-data-service/src/">
    <Project Path="services/market-data-service/src/TradeDiary.MarketData/TradeDiary.MarketData.csproj" />
  </Folder>
  <Folder Name="/services/tool-service/src/">
    <Project Path="services/tool-service/src/TradeDiary.Tool/TradeDiary.Tool.csproj" />
  </Folder>
  <Folder Name="/tests/">
    <Project Path="tests/TradeDiary.DatabaseMigrator.Tests/TradeDiary.DatabaseMigrator.Tests.csproj" />
    <Project Path="tests/TradeDiary.EdgeApi.Tests/TradeDiary.EdgeApi.Tests.csproj" />
    <Project Path="tests/TradeDiary.Identity.Tests/TradeDiary.Identity.Tests.csproj" />
    <Project Path="tests/TradeDiary.Journal.Tests/TradeDiary.Journal.Tests.csproj" />
    <Project Path="tests/TradeDiary.MarketData.Tests/TradeDiary.MarketData.Tests.csproj" />
    <Project Path="tests/TradeDiary.Tool.Tests/TradeDiary.Tool.Tests.csproj" />
  </Folder>
</Solution>
